
Microsoft Visual Studio Solution File, Format Version 12.00
# Visual Studio 15
VisualStudioVersion = 15.0.28010.2036
MinimumVisualStudioVersion = 10.0.40219.1
Project("{8BC9CEB8-8B4A-11D0-8D11-00A0C91BC942}") = "Statements and Flow Control", "Statements and Flow Control\Statements and Flow Control.vcxproj", "{2EA425BC-ACF3-470F-A672-01B2A580CB1A}"
EndProject
Global
	GlobalSection(SolutionConfigurationPlatforms) = preSolution
		Debug|x64 = Debug|x64
		Debug|x86 = Debug|x86
		Release|x64 = Release|x64
		Release|x86 = Release|x86
	EndGlobalSection
	GlobalSection(ProjectConfigurationPlatforms) = postSolution
		{2EA425BC-ACF3-470F-A672-01B2A580CB1A}.Debug|x64.ActiveCfg = Debug|x64
		{2EA425BC-ACF3-470F-A672-01B2A580CB1A}.Debug|x64.Build.0 = Debug|x64
		{2EA425BC-ACF3-470F-A672-01B2A580CB1A}.Debug|x86.ActiveCfg = Debug|Win32
		{2EA425BC-ACF3-470F-A672-01B2A580CB1A}.Debug|x86.Build.0 = Debug|Win32
		{2EA425BC-ACF3-470F-A672-01B2A580CB1A}.Release|x64.ActiveCfg = Release|x64
		{2EA425BC-ACF3-470F-A672-01B2A580CB1A}.Release|x64.Build.0 = Release|x64
		{2EA425BC-ACF3-470F-A672-01B2A580CB1A}.Release|x86.ActiveCfg = Release|Win32
		{2EA425BC-ACF3-470F-A672-01B2A580CB1A}.Release|x86.Build.0 = Release|Win32
	EndGlobalSection
	GlobalSection(SolutionProperties) = preSolution
		HideSolutionNode = FALSE
	EndGlobalSection
	GlobalSection(ExtensibilityGlobals) = postSolution
		SolutionGuid = {1DEFA349-208B-493B-8204-50FEDED12930}
	EndGlobalSection
EndGlobal
